{
  "sha": "2009cee0c70a66d642a73187ed8bb377c93e2588",
  "sources": {
    "selinux": {
      "locked_version": "0.5.6"
    },
    "yum": {
      "locked_version": "2.2.2"
    },
    "openssh": {
      "locked_version": "1.2.0"
    },
    "ntp": {
      "locked_version": "1.3.2"
    },
    "sysctl": {
      "locked_version": "0.3.2"
    },
    "users": {
      "locked_version": "1.5.0"
    },
    "nginx": {
      "locked_version": "1.4.0"
    },
    "runit": {
      "locked_version": "1.0.0"
    },
    "mongodb": {
      "locked_version": "0.12.0",
      "git": "git://github.com/edelight/chef-mongodb.git",
      "ref": "e56f80b599e05ff46039b09a0fa65d325c4ba46b"
    },
    "redis": {
      "locked_version": "0.0.2",
      "git": "git://github.com/kenjiskywalker/cookbooks-redis.git",
      "ref": "95ad3dd59656d2be2ffc95d12c29cd835b161219"
    },
    "td-agent": {
      "locked_version": "0.0.1",
      "git": "https://github.com/treasure-data/chef-td-agent.git",
      "ref": "ee26bee34c29457aafce2f900ce2d0e04d9ff792"
    },
    "iptables": {
      "locked_version": "0.12.0"
    },
    "bluepill": {
      "locked_version": "2.2.2"
    },
    "rsyslog": {
      "locked_version": "1.6.0"
    },
    "build-essential": {
      "locked_version": "1.4.0"
    },
    "apt": {
      "locked_version": "1.9.2"
    },
    "ohai": {
      "locked_version": "1.1.8"
    }
  }
}
